{
  "name": "@writetome51/get-max-min",
  "version": "2.0.0",
  "lockfileVersion": 1,
  "requires": true,
  "dependencies": {
    "error-if-length-is-zero": {
      "version": "1.0.0",
      "resolved": "https://registry.npmjs.org/error-if-length-is-zero/-/error-if-length-is-zero-1.0.0.tgz",
      "integrity": "sha512-V2KCy5LKNNmdWrKL2W1FdJqtNfXFJzgqZcfq3EDp+rHnTX9v76D8O/g5teXBYj2jN33Im9CBxFH5hj5H6ZEO/g=="
    }
  }
}
